
Microsoft Visual Studio Solution File, Format Version 12.00
# Visual Studio Version 17
VisualStudioVersion = 17.9.34616.47
MinimumVisualStudioVersion = 10.0.40219.1
Project("{FAE04EC0-301F-11D3-BF4B-00C04F79EFBC}") = "First_need", "First_need.csproj", "{84D9672B-CC4B-492A-9C3F-0D83D2B5ED2F}"
EndProject
Global
	GlobalSection(SolutionConfigurationPlatforms) = preSolution
		Debug|Any CPU = Debug|Any CPU
		Release|Any CPU = Release|Any CPU
	EndGlobalSection
	GlobalSection(ProjectConfigurationPlatforms) = postSolution
		{84D9672B-CC4B-492A-9C3F-0D83D2B5ED2F}.Debug|Any CPU.ActiveCfg = Debug|Any CPU
		{84D9672B-CC4B-492A-9C3F-0D83D2B5ED2F}.Debug|Any CPU.Build.0 = Debug|Any CPU
		{84D9672B-CC4B-492A-9C3F-0D83D2B5ED2F}.Release|Any CPU.ActiveCfg = Release|Any CPU
		{84D9672B-CC4B-492A-9C3F-0D83D2B5ED2F}.Release|Any CPU.Build.0 = Release|Any CPU
	EndGlobalSection
	GlobalSection(SolutionProperties) = preSolution
		HideSolutionNode = FALSE
	EndGlobalSection
	GlobalSection(ExtensibilityGlobals) = postSolution
		SolutionGuid = {1723BCBA-D6B4-4780-85AE-6FCB2843D306}
	EndGlobalSection
EndGlobal
