
Microsoft Visual Studio Solution File, Format Version 12.00
# Visual Studio Version 17
VisualStudioVersion = 17.9.34616.47
MinimumVisualStudioVersion = 10.0.40219.1
Project("{FAE04EC0-301F-11D3-BF4B-00C04F79EFBC}") = "TestPol", "TestPol.csproj", "{980FEC57-8F22-4599-B93E-AFD2642B0453}"
EndProject
Global
	GlobalSection(SolutionConfigurationPlatforms) = preSolution
		Debug|Any CPU = Debug|Any CPU
		Release|Any CPU = Release|Any CPU
	EndGlobalSection
	GlobalSection(ProjectConfigurationPlatforms) = postSolution
		{980FEC57-8F22-4599-B93E-AFD2642B0453}.Debug|Any CPU.ActiveCfg = Debug|Any CPU
		{980FEC57-8F22-4599-B93E-AFD2642B0453}.Debug|Any CPU.Build.0 = Debug|Any CPU
		{980FEC57-8F22-4599-B93E-AFD2642B0453}.Release|Any CPU.ActiveCfg = Release|Any CPU
		{980FEC57-8F22-4599-B93E-AFD2642B0453}.Release|Any CPU.Build.0 = Release|Any CPU
	EndGlobalSection
	GlobalSection(SolutionProperties) = preSolution
		HideSolutionNode = FALSE
	EndGlobalSection
	GlobalSection(ExtensibilityGlobals) = postSolution
		SolutionGuid = {8AA610A4-E59E-48D1-B102-7C137A12D04B}
	EndGlobalSection
EndGlobal
