
Microsoft Visual Studio Solution File, Format Version 12.00
# Visual Studio Version 17
VisualStudioVersion = 17.9.34616.47
MinimumVisualStudioVersion = 10.0.40219.1
Project("{FAE04EC0-301F-11D3-BF4B-00C04F79EFBC}") = "Task5", "Task5.csproj", "{2AD0DD25-51BC-4B17-9277-645A3826D1DD}"
EndProject
Global
	GlobalSection(SolutionConfigurationPlatforms) = preSolution
		Debug|Any CPU = Debug|Any CPU
		Release|Any CPU = Release|Any CPU
	EndGlobalSection
	GlobalSection(ProjectConfigurationPlatforms) = postSolution
		{2AD0DD25-51BC-4B17-9277-645A3826D1DD}.Debug|Any CPU.ActiveCfg = Debug|Any CPU
		{2AD0DD25-51BC-4B17-9277-645A3826D1DD}.Debug|Any CPU.Build.0 = Debug|Any CPU
		{2AD0DD25-51BC-4B17-9277-645A3826D1DD}.Release|Any CPU.ActiveCfg = Release|Any CPU
		{2AD0DD25-51BC-4B17-9277-645A3826D1DD}.Release|Any CPU.Build.0 = Release|Any CPU
	EndGlobalSection
	GlobalSection(SolutionProperties) = preSolution
		HideSolutionNode = FALSE
	EndGlobalSection
	GlobalSection(ExtensibilityGlobals) = postSolution
		SolutionGuid = {0D91AF30-ADD2-4CFC-8265-4EAE0BE6BE19}
	EndGlobalSection
EndGlobal
